
Microsoft Visual Studio Solution File, Format Version 12.00
# Visual Studio Version 17
VisualStudioVersion = 17.9.34902.65
MinimumVisualStudioVersion = 10.0.40219.1
Project("{FAE04EC0-301F-11D3-BF4B-00C04F79EFBC}") = "CS499DatabaseApp", "CS499DatabaseApp\CS499DatabaseApp.csproj", "{1A5AD039-7364-48D2-BAC2-8A3E67CBAF42}"
EndProject
Global
	GlobalSection(SolutionConfigurationPlatforms) = preSolution
		Debug|Any CPU = Debug|Any CPU
		Release|Any CPU = Release|Any CPU
	EndGlobalSection
	GlobalSection(ProjectConfigurationPlatforms) = postSolution
		{1A5AD039-7364-48D2-BAC2-8A3E67CBAF42}.Debug|Any CPU.ActiveCfg = Debug|Any CPU
		{1A5AD039-7364-48D2-BAC2-8A3E67CBAF42}.Debug|Any CPU.Build.0 = Debug|Any CPU
		{1A5AD039-7364-48D2-BAC2-8A3E67CBAF42}.Release|Any CPU.ActiveCfg = Release|Any CPU
		{1A5AD039-7364-48D2-BAC2-8A3E67CBAF42}.Release|Any CPU.Build.0 = Release|Any CPU
	EndGlobalSection
	GlobalSection(SolutionProperties) = preSolution
		HideSolutionNode = FALSE
	EndGlobalSection
	GlobalSection(ExtensibilityGlobals) = postSolution
		SolutionGuid = {F901943A-F681-4529-BA27-9ABF9F8360DC}
	EndGlobalSection
EndGlobal
